
Microsoft Visual Studio Solution File, Format Version 12.00
# Visual Studio Version 17
VisualStudioVersion = 17.9.34723.18
MinimumVisualStudioVersion = 10.0.40219.1
Project("{FAE04EC0-301F-11D3-BF4B-00C04F79EFBC}") = "DialogButtonTextIncrease", "DialogButtonTextIncrease.csproj", "{1D61CEA5-4462-4D18-B996-529C217BAAD9}"
EndProject
Global
	GlobalSection(SolutionConfigurationPlatforms) = preSolution
		Debug|Any CPU = Debug|Any CPU
		Release|Any CPU = Release|Any CPU
	EndGlobalSection
	GlobalSection(ProjectConfigurationPlatforms) = postSolution
		{1D61CEA5-4462-4D18-B996-529C217BAAD9}.Debug|Any CPU.ActiveCfg = Debug|Any CPU
		{1D61CEA5-4462-4D18-B996-529C217BAAD9}.Debug|Any CPU.Build.0 = Debug|Any CPU
		{1D61CEA5-4462-4D18-B996-529C217BAAD9}.Release|Any CPU.ActiveCfg = Release|Any CPU
		{1D61CEA5-4462-4D18-B996-529C217BAAD9}.Release|Any CPU.Build.0 = Release|Any CPU
	EndGlobalSection
	GlobalSection(SolutionProperties) = preSolution
		HideSolutionNode = FALSE
	EndGlobalSection
	GlobalSection(ExtensibilityGlobals) = postSolution
		SolutionGuid = {A35FD5F0-B5D1-48A6-AC65-D7A46B1C675F}
	EndGlobalSection
EndGlobal
